
Microsoft Visual Studio Solution File, Format Version 12.00
# Visual Studio Version 16
VisualStudioVersion = 16.0.30804.86
MinimumVisualStudioVersion = 10.0.40219.1
Project("{F184B08F-C81C-45F6-A57F-5ABD9991F28F}") = "FirstTestProject - Operators", "FirstTestProject - Operators.vbproj", "{08934190-C1DC-42A3-AEF6-6687E5A70AEA}"
EndProject
Global
	GlobalSection(SolutionConfigurationPlatforms) = preSolution
		Debug|Any CPU = Debug|Any CPU
		Release|Any CPU = Release|Any CPU
	EndGlobalSection
	GlobalSection(ProjectConfigurationPlatforms) = postSolution
		{08934190-C1DC-42A3-AEF6-6687E5A70AEA}.Debug|Any CPU.ActiveCfg = Debug|Any CPU
		{08934190-C1DC-42A3-AEF6-6687E5A70AEA}.Debug|Any CPU.Build.0 = Debug|Any CPU
		{08934190-C1DC-42A3-AEF6-6687E5A70AEA}.Release|Any CPU.ActiveCfg = Release|Any CPU
		{08934190-C1DC-42A3-AEF6-6687E5A70AEA}.Release|Any CPU.Build.0 = Release|Any CPU
	EndGlobalSection
	GlobalSection(SolutionProperties) = preSolution
		HideSolutionNode = FALSE
	EndGlobalSection
	GlobalSection(ExtensibilityGlobals) = postSolution
		SolutionGuid = {3F2344E4-9703-4AD5-BCCF-5D802E20C303}
	EndGlobalSection
EndGlobal
